
Microsoft Visual Studio Solution File, Format Version 12.00
# Visual Studio Version 17
VisualStudioVersion = 17.7.34009.444
MinimumVisualStudioVersion = 10.0.40219.1
Project("{FAE04EC0-301F-11D3-BF4B-00C04F79EFBC}") = "ecommerce", "ecommerce\ecommerce.csproj", "{E5B87B31-7028-4371-860B-593BB5114451}"
EndProject
Global
	GlobalSection(SolutionConfigurationPlatforms) = preSolution
		Debug|Any CPU = Debug|Any CPU
		Release|Any CPU = Release|Any CPU
	EndGlobalSection
	GlobalSection(ProjectConfigurationPlatforms) = postSolution
		{E5B87B31-7028-4371-860B-593BB5114451}.Debug|Any CPU.ActiveCfg = Debug|Any CPU
		{E5B87B31-7028-4371-860B-593BB5114451}.Debug|Any CPU.Build.0 = Debug|Any CPU
		{E5B87B31-7028-4371-860B-593BB5114451}.Release|Any CPU.ActiveCfg = Release|Any CPU
		{E5B87B31-7028-4371-860B-593BB5114451}.Release|Any CPU.Build.0 = Release|Any CPU
	EndGlobalSection
	GlobalSection(SolutionProperties) = preSolution
		HideSolutionNode = FALSE
	EndGlobalSection
	GlobalSection(ExtensibilityGlobals) = postSolution
		SolutionGuid = {C4E500E2-2C55-466D-A7C5-3CCF3D34CBA7}
	EndGlobalSection
EndGlobal
